
Microsoft Visual Studio Solution File, Format Version 12.00
# Visual Studio Version 16
VisualStudioVersion = 16.0.30907.101
MinimumVisualStudioVersion = 10.0.40219.1
Project("{FAE04EC0-301F-11D3-BF4B-00C04F79EFBC}") = "NorgesCurrencyConverter", "NorgesCurrencyConverter\NorgesCurrencyConverter.csproj", "{E43E39DF-1A6C-483A-B59C-BB8CDD2B432A}"
EndProject
Global
	GlobalSection(SolutionConfigurationPlatforms) = preSolution
		Debug|Any CPU = Debug|Any CPU
		Release|Any CPU = Release|Any CPU
	EndGlobalSection
	GlobalSection(ProjectConfigurationPlatforms) = postSolution
		{E43E39DF-1A6C-483A-B59C-BB8CDD2B432A}.Debug|Any CPU.ActiveCfg = Debug|Any CPU
		{E43E39DF-1A6C-483A-B59C-BB8CDD2B432A}.Debug|Any CPU.Build.0 = Debug|Any CPU
		{E43E39DF-1A6C-483A-B59C-BB8CDD2B432A}.Release|Any CPU.ActiveCfg = Release|Any CPU
		{E43E39DF-1A6C-483A-B59C-BB8CDD2B432A}.Release|Any CPU.Build.0 = Release|Any CPU
	EndGlobalSection
	GlobalSection(SolutionProperties) = preSolution
		HideSolutionNode = FALSE
	EndGlobalSection
	GlobalSection(ExtensibilityGlobals) = postSolution
		SolutionGuid = {B60402F4-9FBD-487A-AF7D-E18EA9B6ADC4}
	EndGlobalSection
EndGlobal
